
Microsoft Visual Studio Solution File, Format Version 12.00
# Visual Studio Version 17
VisualStudioVersion = 17.8.34316.72
MinimumVisualStudioVersion = 10.0.40219.1
Project("{FAE04EC0-301F-11D3-BF4B-00C04F79EFBC}") = "Asylum", "Asylum\Asylum.csproj", "{A1C54A4D-CA69-4E17-A684-7A7A2F3279AE}"
EndProject
Global
	GlobalSection(SolutionConfigurationPlatforms) = preSolution
		Debug|Any CPU = Debug|Any CPU
		Release|Any CPU = Release|Any CPU
	EndGlobalSection
	GlobalSection(ProjectConfigurationPlatforms) = postSolution
		{A1C54A4D-CA69-4E17-A684-7A7A2F3279AE}.Debug|Any CPU.ActiveCfg = Debug|Any CPU
		{A1C54A4D-CA69-4E17-A684-7A7A2F3279AE}.Debug|Any CPU.Build.0 = Debug|Any CPU
		{A1C54A4D-CA69-4E17-A684-7A7A2F3279AE}.Release|Any CPU.ActiveCfg = Release|Any CPU
		{A1C54A4D-CA69-4E17-A684-7A7A2F3279AE}.Release|Any CPU.Build.0 = Release|Any CPU
	EndGlobalSection
	GlobalSection(SolutionProperties) = preSolution
		HideSolutionNode = FALSE
	EndGlobalSection
	GlobalSection(ExtensibilityGlobals) = postSolution
		SolutionGuid = {8D5FA957-BE87-4534-B5D4-BFC81081906C}
	EndGlobalSection
EndGlobal
